
Microsoft Visual Studio Solution File, Format Version 12.00
# Visual Studio Version 16
VisualStudioVersion = 16.0.31424.327
MinimumVisualStudioVersion = 10.0.40219.1
Project("{9A19103F-16F7-4668-BE54-9A1E7A4F7556}") = "Catalog.API", "Catalog.API.csproj", "{C54942B6-93CF-414D-B9D1-A4ED4D290363}"
EndProject
Project("{E53339B2-1760-4266-BCC7-CA923CBCF16C}") = "docker-compose", "docker-compose.dcproj", "{08E29E10-0ADD-433F-831A-3BAE77143781}"
EndProject
Global
	GlobalSection(SolutionConfigurationPlatforms) = preSolution
		Debug|Any CPU = Debug|Any CPU
		Release|Any CPU = Release|Any CPU
	EndGlobalSection
	GlobalSection(ProjectConfigurationPlatforms) = postSolution
		{C54942B6-93CF-414D-B9D1-A4ED4D290363}.Debug|Any CPU.ActiveCfg = Debug|Any CPU
		{C54942B6-93CF-414D-B9D1-A4ED4D290363}.Debug|Any CPU.Build.0 = Debug|Any CPU
		{C54942B6-93CF-414D-B9D1-A4ED4D290363}.Release|Any CPU.ActiveCfg = Release|Any CPU
		{C54942B6-93CF-414D-B9D1-A4ED4D290363}.Release|Any CPU.Build.0 = Release|Any CPU
		{08E29E10-0ADD-433F-831A-3BAE77143781}.Debug|Any CPU.ActiveCfg = Debug|Any CPU
		{08E29E10-0ADD-433F-831A-3BAE77143781}.Debug|Any CPU.Build.0 = Debug|Any CPU
		{08E29E10-0ADD-433F-831A-3BAE77143781}.Release|Any CPU.ActiveCfg = Release|Any CPU
		{08E29E10-0ADD-433F-831A-3BAE77143781}.Release|Any CPU.Build.0 = Release|Any CPU
	EndGlobalSection
	GlobalSection(SolutionProperties) = preSolution
		HideSolutionNode = FALSE
	EndGlobalSection
	GlobalSection(ExtensibilityGlobals) = postSolution
		SolutionGuid = {0FDB9341-CAAA-4725-A7EC-F7908CEC781F}
	EndGlobalSection
EndGlobal
